
Microsoft Visual Studio Solution File, Format Version 12.00
# Visual Studio Version 16
VisualStudioVersion = 16.0.31105.61
MinimumVisualStudioVersion = 10.0.40219.1
Project("{FAE04EC0-301F-11D3-BF4B-00C04F79EFBC}") = "CA210317", "CA210317\CA210317.csproj", "{6678F29E-0670-44A8-903C-84CB6A4C20EF}"
EndProject
Global
	GlobalSection(SolutionConfigurationPlatforms) = preSolution
		Debug|Any CPU = Debug|Any CPU
		Release|Any CPU = Release|Any CPU
	EndGlobalSection
	GlobalSection(ProjectConfigurationPlatforms) = postSolution
		{6678F29E-0670-44A8-903C-84CB6A4C20EF}.Debug|Any CPU.ActiveCfg = Debug|Any CPU
		{6678F29E-0670-44A8-903C-84CB6A4C20EF}.Debug|Any CPU.Build.0 = Debug|Any CPU
		{6678F29E-0670-44A8-903C-84CB6A4C20EF}.Release|Any CPU.ActiveCfg = Release|Any CPU
		{6678F29E-0670-44A8-903C-84CB6A4C20EF}.Release|Any CPU.Build.0 = Release|Any CPU
	EndGlobalSection
	GlobalSection(SolutionProperties) = preSolution
		HideSolutionNode = FALSE
	EndGlobalSection
	GlobalSection(ExtensibilityGlobals) = postSolution
		SolutionGuid = {1119032E-C2B5-4FCC-9900-49860AD55CEF}
	EndGlobalSection
EndGlobal
